
Microsoft Visual Studio Solution File, Format Version 12.00
# Visual Studio Version 17
VisualStudioVersion = 17.14.36414.22
MinimumVisualStudioVersion = 10.0.40219.1
Project("{8BC9CEB8-8B4A-11D0-8D11-00A0C91BC942}") = "First", "First\First.vcxproj", "{9C1AE197-8D71-47F9-B8EB-CE6BC210B123}"
EndProject
Project("{8BC9CEB8-8B4A-11D0-8D11-00A0C91BC942}") = "arrayUtill", "arrayUtill\arrayUtill.vcxproj", "{16F39F2D-3400-48AF-A371-2CCFB2A8F548}"
EndProject
Project("{2150E333-8FDC-42A3-9474-1A3956D46DE8}") = "weak2lab", "weak2lab", "{C8D5274F-AC00-46C7-1F8D-E88E81087A52}"
EndProject
Project("{8BC9CEB8-8B4A-11D0-8D11-00A0C91BC942}") = "Arraylab", "ArrayLAb\ArrayLAb.vcxproj", "{7CCF58D7-79A3-4032-90FD-C87270D7D4FF}"
EndProject
Project("{8BC9CEB8-8B4A-11D0-8D11-00A0C91BC942}") = "test", "test\test.vcxproj", "{7DD890F2-8D91-472D-95BF-C4923C6C9707}"
EndProject
Project("{2150E333-8FDC-42A3-9474-1A3956D46DE8}") = "Assignment", "Assignment", "{EEBAEF68-57A6-438F-B197-0FE34E2D54AD}"
EndProject
Project("{8BC9CEB8-8B4A-11D0-8D11-00A0C91BC942}") = "Assignment0701", "Assignment0701\Assignment0701.vcxproj", "{070EE6FE-CF8A-438A-BB32-055A45004FE5}"
EndProject
Project("{8BC9CEB8-8B4A-11D0-8D11-00A0C91BC942}") = "Assignment0706", "Assignment0706\Assignment0706.vcxproj", "{38A61B5F-EF78-4E1B-9CC8-7C5760000FDD}"
EndProject
Project("{8BC9CEB8-8B4A-11D0-8D11-00A0C91BC942}") = "Assignment0704", "Assignment0704\Assignment0704.vcxproj", "{E93D1294-300D-4A65-BB17-0BEC2BC194AF}"
EndProject
Project("{8BC9CEB8-8B4A-11D0-8D11-00A0C91BC942}") = "Assignment0710", "Assignment0710\Assignment0710.vcxproj", "{D280E409-91F0-40B2-A7EC-4E41DA6343C8}"
EndProject
Project("{8BC9CEB8-8B4A-11D0-8D11-00A0C91BC942}") = "Assignment0714", "Assignment0714\Assignment0714.vcxproj", "{A563BAF4-CA75-46F3-89AD-E89219F1FFA8}"
EndProject
Project("{8BC9CEB8-8B4A-11D0-8D11-00A0C91BC942}") = "Assignment0718", "Assignment0718\Assignment0718.vcxproj", "{0A252B88-B0E2-4C99-A850-983291E2D7D2}"
EndProject
Global
	GlobalSection(SolutionConfigurationPlatforms) = preSolution
		Debug|x64 = Debug|x64
		Debug|x86 = Debug|x86
		Release|x64 = Release|x64
		Release|x86 = Release|x86
	EndGlobalSection
	GlobalSection(ProjectConfigurationPlatforms) = postSolution
		{9C1AE197-8D71-47F9-B8EB-CE6BC210B123}.Debug|x64.ActiveCfg = Debug|x64
		{9C1AE197-8D71-47F9-B8EB-CE6BC210B123}.Debug|x64.Build.0 = Debug|x64
		{9C1AE197-8D71-47F9-B8EB-CE6BC210B123}.Debug|x86.ActiveCfg = Debug|Win32
		{9C1AE197-8D71-47F9-B8EB-CE6BC210B123}.Debug|x86.Build.0 = Debug|Win32
		{9C1AE197-8D71-47F9-B8EB-CE6BC210B123}.Release|x64.ActiveCfg = Release|x64
		{9C1AE197-8D71-47F9-B8EB-CE6BC210B123}.Release|x64.Build.0 = Release|x64
		{9C1AE197-8D71-47F9-B8EB-CE6BC210B123}.Release|x86.ActiveCfg = Release|Win32
		{9C1AE197-8D71-47F9-B8EB-CE6BC210B123}.Release|x86.Build.0 = Release|Win32
		{16F39F2D-3400-48AF-A371-2CCFB2A8F548}.Debug|x64.ActiveCfg = Debug|x64
		{16F39F2D-3400-48AF-A371-2CCFB2A8F548}.Debug|x64.Build.0 = Debug|x64
		{16F39F2D-3400-48AF-A371-2CCFB2A8F548}.Debug|x86.ActiveCfg = Debug|Win32
		{16F39F2D-3400-48AF-A371-2CCFB2A8F548}.Debug|x86.Build.0 = Debug|Win32
		{16F39F2D-3400-48AF-A371-2CCFB2A8F548}.Release|x64.ActiveCfg = Release|x64
		{16F39F2D-3400-48AF-A371-2CCFB2A8F548}.Release|x64.Build.0 = Release|x64
		{16F39F2D-3400-48AF-A371-2CCFB2A8F548}.Release|x86.ActiveCfg = Release|Win32
		{16F39F2D-3400-48AF-A371-2CCFB2A8F548}.Release|x86.Build.0 = Release|Win32
		{7CCF58D7-79A3-4032-90FD-C87270D7D4FF}.Debug|x64.ActiveCfg = Debug|x64
		{7CCF58D7-79A3-4032-90FD-C87270D7D4FF}.Debug|x64.Build.0 = Debug|x64
		{7CCF58D7-79A3-4032-90FD-C87270D7D4FF}.Debug|x86.ActiveCfg = Debug|Win32
		{7CCF58D7-79A3-4032-90FD-C87270D7D4FF}.Debug|x86.Build.0 = Debug|Win32
		{7CCF58D7-79A3-4032-90FD-C87270D7D4FF}.Release|x64.ActiveCfg = Release|x64
		{7CCF58D7-79A3-4032-90FD-C87270D7D4FF}.Release|x64.Build.0 = Release|x64
		{7CCF58D7-79A3-4032-90FD-C87270D7D4FF}.Release|x86.ActiveCfg = Release|Win32
		{7CCF58D7-79A3-4032-90FD-C87270D7D4FF}.Release|x86.Build.0 = Release|Win32
		{7DD890F2-8D91-472D-95BF-C4923C6C9707}.Debug|x64.ActiveCfg = Debug|x64
		{7DD890F2-8D91-472D-95BF-C4923C6C9707}.Debug|x64.Build.0 = Debug|x64
		{7DD890F2-8D91-472D-95BF-C4923C6C9707}.Debug|x86.ActiveCfg = Debug|Win32
		{7DD890F2-8D91-472D-95BF-C4923C6C9707}.Debug|x86.Build.0 = Debug|Win32
		{7DD890F2-8D91-472D-95BF-C4923C6C9707}.Release|x64.ActiveCfg = Release|x64
		{7DD890F2-8D91-472D-95BF-C4923C6C9707}.Release|x64.Build.0 = Release|x64
		{7DD890F2-8D91-472D-95BF-C4923C6C9707}.Release|x86.ActiveCfg = Release|Win32
		{7DD890F2-8D91-472D-95BF-C4923C6C9707}.Release|x86.Build.0 = Release|Win32
		{070EE6FE-CF8A-438A-BB32-055A45004FE5}.Debug|x64.ActiveCfg = Debug|x64
		{070EE6FE-CF8A-438A-BB32-055A45004FE5}.Debug|x64.Build.0 = Debug|x64
		{070EE6FE-CF8A-438A-BB32-055A45004FE5}.Debug|x86.ActiveCfg = Debug|Win32
		{070EE6FE-CF8A-438A-BB32-055A45004FE5}.Debug|x86.Build.0 = Debug|Win32
		{070EE6FE-CF8A-438A-BB32-055A45004FE5}.Release|x64.ActiveCfg = Release|x64
		{070EE6FE-CF8A-438A-BB32-055A45004FE5}.Release|x64.Build.0 = Release|x64
		{070EE6FE-CF8A-438A-BB32-055A45004FE5}.Release|x86.ActiveCfg = Release|Win32
		{070EE6FE-CF8A-438A-BB32-055A45004FE5}.Release|x86.Build.0 = Release|Win32
		{38A61B5F-EF78-4E1B-9CC8-7C5760000FDD}.Debug|x64.ActiveCfg = Debug|x64
		{38A61B5F-EF78-4E1B-9CC8-7C5760000FDD}.Debug|x64.Build.0 = Debug|x64
		{38A61B5F-EF78-4E1B-9CC8-7C5760000FDD}.Debug|x86.ActiveCfg = Debug|Win32
		{38A61B5F-EF78-4E1B-9CC8-7C5760000FDD}.Debug|x86.Build.0 = Debug|Win32
		{38A61B5F-EF78-4E1B-9CC8-7C5760000FDD}.Release|x64.ActiveCfg = Release|x64
		{38A61B5F-EF78-4E1B-9CC8-7C5760000FDD}.Release|x64.Build.0 = Release|x64
		{38A61B5F-EF78-4E1B-9CC8-7C5760000FDD}.Release|x86.ActiveCfg = Release|Win32
		{38A61B5F-EF78-4E1B-9CC8-7C5760000FDD}.Release|x86.Build.0 = Release|Win32
		{E93D1294-300D-4A65-BB17-0BEC2BC194AF}.Debug|x64.ActiveCfg = Debug|x64
		{E93D1294-300D-4A65-BB17-0BEC2BC194AF}.Debug|x64.Build.0 = Debug|x64
		{E93D1294-300D-4A65-BB17-0BEC2BC194AF}.Debug|x86.ActiveCfg = Debug|Win32
		{E93D1294-300D-4A65-BB17-0BEC2BC194AF}.Debug|x86.Build.0 = Debug|Win32
		{E93D1294-300D-4A65-BB17-0BEC2BC194AF}.Release|x64.ActiveCfg = Release|x64
		{E93D1294-300D-4A65-BB17-0BEC2BC194AF}.Release|x64.Build.0 = Release|x64
		{E93D1294-300D-4A65-BB17-0BEC2BC194AF}.Release|x86.ActiveCfg = Release|Win32
		{E93D1294-300D-4A65-BB17-0BEC2BC194AF}.Release|x86.Build.0 = Release|Win32
		{D280E409-91F0-40B2-A7EC-4E41DA6343C8}.Debug|x64.ActiveCfg = Debug|x64
		{D280E409-91F0-40B2-A7EC-4E41DA6343C8}.Debug|x64.Build.0 = Debug|x64
		{D280E409-91F0-40B2-A7EC-4E41DA6343C8}.Debug|x86.ActiveCfg = Debug|Win32
		{D280E409-91F0-40B2-A7EC-4E41DA6343C8}.Debug|x86.Build.0 = Debug|Win32
		{D280E409-91F0-40B2-A7EC-4E41DA6343C8}.Release|x64.ActiveCfg = Release|x64
		{D280E409-91F0-40B2-A7EC-4E41DA6343C8}.Release|x64.Build.0 = Release|x64
		{D280E409-91F0-40B2-A7EC-4E41DA6343C8}.Release|x86.ActiveCfg = Release|Win32
		{D280E409-91F0-40B2-A7EC-4E41DA6343C8}.Release|x86.Build.0 = Release|Win32
		{A563BAF4-CA75-46F3-89AD-E89219F1FFA8}.Debug|x64.ActiveCfg = Debug|x64
		{A563BAF4-CA75-46F3-89AD-E89219F1FFA8}.Debug|x64.Build.0 = Debug|x64
		{A563BAF4-CA75-46F3-89AD-E89219F1FFA8}.Debug|x86.ActiveCfg = Debug|Win32
		{A563BAF4-CA75-46F3-89AD-E89219F1FFA8}.Debug|x86.Build.0 = Debug|Win32
		{A563BAF4-CA75-46F3-89AD-E89219F1FFA8}.Release|x64.ActiveCfg = Release|x64
		{A563BAF4-CA75-46F3-89AD-E89219F1FFA8}.Release|x64.Build.0 = Release|x64
		{A563BAF4-CA75-46F3-89AD-E89219F1FFA8}.Release|x86.ActiveCfg = Release|Win32
		{A563BAF4-CA75-46F3-89AD-E89219F1FFA8}.Release|x86.Build.0 = Release|Win32
		{0A252B88-B0E2-4C99-A850-983291E2D7D2}.Debug|x64.ActiveCfg = Debug|x64
		{0A252B88-B0E2-4C99-A850-983291E2D7D2}.Debug|x64.Build.0 = Debug|x64
		{0A252B88-B0E2-4C99-A850-983291E2D7D2}.Debug|x86.ActiveCfg = Debug|Win32
		{0A252B88-B0E2-4C99-A850-983291E2D7D2}.Debug|x86.Build.0 = Debug|Win32
		{0A252B88-B0E2-4C99-A850-983291E2D7D2}.Release|x64.ActiveCfg = Release|x64
		{0A252B88-B0E2-4C99-A850-983291E2D7D2}.Release|x64.Build.0 = Release|x64
		{0A252B88-B0E2-4C99-A850-983291E2D7D2}.Release|x86.ActiveCfg = Release|Win32
		{0A252B88-B0E2-4C99-A850-983291E2D7D2}.Release|x86.Build.0 = Release|Win32
	EndGlobalSection
	GlobalSection(SolutionProperties) = preSolution
		HideSolutionNode = FALSE
	EndGlobalSection
	GlobalSection(NestedProjects) = preSolution
		{7CCF58D7-79A3-4032-90FD-C87270D7D4FF} = {C8D5274F-AC00-46C7-1F8D-E88E81087A52}
		{070EE6FE-CF8A-438A-BB32-055A45004FE5} = {EEBAEF68-57A6-438F-B197-0FE34E2D54AD}
		{38A61B5F-EF78-4E1B-9CC8-7C5760000FDD} = {EEBAEF68-57A6-438F-B197-0FE34E2D54AD}
		{E93D1294-300D-4A65-BB17-0BEC2BC194AF} = {EEBAEF68-57A6-438F-B197-0FE34E2D54AD}
		{D280E409-91F0-40B2-A7EC-4E41DA6343C8} = {EEBAEF68-57A6-438F-B197-0FE34E2D54AD}
		{A563BAF4-CA75-46F3-89AD-E89219F1FFA8} = {EEBAEF68-57A6-438F-B197-0FE34E2D54AD}
		{0A252B88-B0E2-4C99-A850-983291E2D7D2} = {EEBAEF68-57A6-438F-B197-0FE34E2D54AD}
	EndGlobalSection
	GlobalSection(ExtensibilityGlobals) = postSolution
		SolutionGuid = {1B99277D-10B8-44C4-AF63-521A52CD17E9}
	EndGlobalSection
EndGlobal
